
Microsoft Visual Studio Solution File, Format Version 12.00
# Visual Studio 15
Project("{FAE04EC0-301F-11D3-BF4B-00C04F79EFBC}") = "VuforiaScripts", "VuforiaScripts.csproj", "{1B27FC14-158D-DC81-4953-A9FB35836AD3}"
EndProject
Project("{FAE04EC0-301F-11D3-BF4B-00C04F79EFBC}") = "VuforiaEditorScripts", "VuforiaEditorScripts.csproj", "{F288EFCD-D023-B458-E33B-4C3B4CE4AC9A}"
EndProject
Global
	GlobalSection(SolutionConfigurationPlatforms) = preSolution
		Debug|Any CPU = Debug|Any CPU
		Release|Any CPU = Release|Any CPU
	EndGlobalSection
	GlobalSection(ProjectConfigurationPlatforms) = postSolution
		{1B27FC14-158D-DC81-4953-A9FB35836AD3}.Debug|Any CPU.ActiveCfg = Debug|Any CPU
		{1B27FC14-158D-DC81-4953-A9FB35836AD3}.Debug|Any CPU.Build.0 = Debug|Any CPU
		{1B27FC14-158D-DC81-4953-A9FB35836AD3}.Release|Any CPU.ActiveCfg = Release|Any CPU
		{1B27FC14-158D-DC81-4953-A9FB35836AD3}.Release|Any CPU.Build.0 = Release|Any CPU
		{F288EFCD-D023-B458-E33B-4C3B4CE4AC9A}.Debug|Any CPU.ActiveCfg = Debug|Any CPU
		{F288EFCD-D023-B458-E33B-4C3B4CE4AC9A}.Debug|Any CPU.Build.0 = Debug|Any CPU
		{F288EFCD-D023-B458-E33B-4C3B4CE4AC9A}.Release|Any CPU.ActiveCfg = Release|Any CPU
		{F288EFCD-D023-B458-E33B-4C3B4CE4AC9A}.Release|Any CPU.Build.0 = Release|Any CPU
	EndGlobalSection
	GlobalSection(SolutionProperties) = preSolution
		HideSolutionNode = FALSE
	EndGlobalSection
EndGlobal
